
Microsoft Visual Studio Solution File, Format Version 12.00
# Visual Studio Version 17
VisualStudioVersion = 17.5.002.0
MinimumVisualStudioVersion = 10.0.40219.1
Project("{9A19103F-16F7-4668-BE54-9A1E7A4F7556}") = "Итоговая работа первый семестр", "Итоговая работа первый семестр.csproj", "{6EAA9CD4-5366-441D-AE76-2ACEE01A6106}"
EndProject
Global
	GlobalSection(SolutionConfigurationPlatforms) = preSolution
		Debug|Any CPU = Debug|Any CPU
		Release|Any CPU = Release|Any CPU
	EndGlobalSection
	GlobalSection(ProjectConfigurationPlatforms) = postSolution
		{6EAA9CD4-5366-441D-AE76-2ACEE01A6106}.Debug|Any CPU.ActiveCfg = Debug|Any CPU
		{6EAA9CD4-5366-441D-AE76-2ACEE01A6106}.Debug|Any CPU.Build.0 = Debug|Any CPU
		{6EAA9CD4-5366-441D-AE76-2ACEE01A6106}.Release|Any CPU.ActiveCfg = Release|Any CPU
		{6EAA9CD4-5366-441D-AE76-2ACEE01A6106}.Release|Any CPU.Build.0 = Release|Any CPU
	EndGlobalSection
	GlobalSection(SolutionProperties) = preSolution
		HideSolutionNode = FALSE
	EndGlobalSection
	GlobalSection(ExtensibilityGlobals) = postSolution
		SolutionGuid = {4AD3A9AF-3622-4A68-8D4D-299AD204005E}
	EndGlobalSection
EndGlobal
